github.com/NextDesignSolutions/axitransport v0.0.0-20191124215522-b6a96eeb7a4c h1:/yT92v7hnTjEamJsPyan3hOhwBUhFqQAlbye2dz9ZHs=
github.com/NextDesignSolutions/axitransport v0.0.0-20191124215522-b6a96eeb7a4c/go.mod h1:zQtqEet06pibzoFbwqnuGweIChdGX+FFVJN6J0fTcVY=
github.com/NextDesignSolutions/axitransport v0.0.0-20191124221815-f01967dbcc5a h1:uNj/s2Q44cPc2NBjMaHBWkMRhXWEBNtH8DCHz+ppGWM=
github.com/NextDesignSolutions/axitransport v0.0.0-20191124221815-f01967dbcc5a/go.mod h1:zQtqEet06pibzoFbwqnuGweIChdGX+FFVJN6J0fTcVY=
github.com/NextDesignSolutions/bytehelpers v0.0.0-20191124220015-0d20d42ace1d h1:taE8g5E2tfNwrOF038+ENGA260fZXH8DNhIdnl+N2CU=
github.com/NextDesignSolutions/bytehelpers v0.0.0-20191124220015-0d20d42ace1d/go.mod h1:F7QViX6wKWXJtgvMReGkjQuEFAwyVXrY4xILG2y9KTE=
